<?xml version="1.0" encoding="utf-8"?>
<Project ToolsVersion="4.0" xmlns="http://schemas.microsoft.com/developer/msbuild/2003">
  <ItemGroup>
    <Filter Include="Source Files">
      <UniqueIdentifier>{4FC737F1-C7A5-4376-A066-2A32D752A2FF}</UniqueIdentifier>
      <Extensions>cpp;c;cc;cxx;c++;cppm;ixx;def;odl;idl;hpj;bat;asm;asmx</Extensions>
    </Filter>
    <Filter Include="Header Files">
      <UniqueIdentifier>{93995380-89BD-4b04-88EB-625FBE52EBFB}</UniqueIdentifier>
      <Extensions>h;hh;hpp;hxx;h++;hm;inl;inc;ipp;xsd</Extensions>
    </Filter>
    <Filter Include="Resource Files">
      <UniqueIdentifier>{67DA6AB6-F800-4c08-8B7A-83BB121AAD01}</UniqueIdentifier>
      <Extensions>rc;ico;cur;bmp;dlg;rc2;rct;bin;rgs;gif;jpg;jpeg;jpe;resx;tiff;tif;png;wav;mfcribbon-ms</Extensions>
    </Filter>
    <Filter Include="Commands">
      <UniqueIdentifier>{8adebf9e-f6c0-4c12-b2fb-fbc7ca2091fd}</UniqueIdentifier>
    </Filter>
    <Filter Include="Components">
      <UniqueIdentifier>{7248ef4e-c143-4cb0-8525-e09ff166ae3a}</UniqueIdentifier>
    </Filter>
    <Filter Include="Level">
      <UniqueIdentifier>{ba4c59f1-4dfc-4689-98c7-28f9b2e38583}</UniqueIdentifier>
    </Filter>
  </ItemGroup>
  <ItemGroup>
    <ClCompile Include="main.cpp">
      <Filter>Source Files</Filter>
    </ClCompile>
    <ClCompile Include="Qbert.cpp">
      <Filter>Source Files</Filter>
    </ClCompile>
    <ClCompile Include="QbertScoreComponent.cpp">
      <Filter>Components</Filter>
    </ClCompile>
    <ClCompile Include="QbertHealthComponent.cpp">
      <Filter>Components</Filter>
    </ClCompile>
    <ClCompile Include="TileTextureComponent.cpp">
      <Filter>Components</Filter>
    </ClCompile>
    <ClCompile Include="Level.cpp">
      <Filter>Level</Filter>
    </ClCompile>
    <ClCompile Include="JumperComponent.cpp">
      <Filter>Components</Filter>
    </ClCompile>
    <ClCompile Include="JumpCommand.cpp">
      <Filter>Commands</Filter>
    </ClCompile>
    <ClCompile Include="SingleRowAnimationComponent.cpp">
      <Filter>Components</Filter>
    </ClCompile>
    <ClCompile Include="QbertMainMenuComponent.cpp">
      <Filter>Components</Filter>
    </ClCompile>
    <ClCompile Include="MenuUpCommand.cpp">
      <Filter>Commands</Filter>
    </ClCompile>
    <ClCompile Include="MenuDownCommand.cpp">
      <Filter>Commands</Filter>
    </ClCompile>
    <ClCompile Include="MenuButtonClickCommand.cpp">
      <Filter>Commands</Filter>
    </ClCompile>
    <ClCompile Include="TestCommand.cpp">
      <Filter>Commands</Filter>
    </ClCompile>
    <ClCompile Include="BaseJumperComponent.cpp">
      <Filter>Components</Filter>
    </ClCompile>
    <ClCompile Include="QbertJumperComponent.cpp">
      <Filter>Components</Filter>
    </ClCompile>
    <ClCompile Include="CoilyJumperComponent.cpp">
      <Filter>Components</Filter>
    </ClCompile>
    <ClCompile Include="BallJumperComponent.cpp">
      <Filter>Components</Filter>
    </ClCompile>
    <ClCompile Include="SpawnerComponent.cpp">
      <Filter>Components</Filter>
    </ClCompile>
    <ClCompile Include="SlickSamJumperComponent.cpp">
      <Filter>Components</Filter>
    </ClCompile>
    <ClCompile Include="UggWrongwayJumperComponent.cpp">
      <Filter>Components</Filter>
    </ClCompile>
    <ClCompile Include="BaseColliderComponent.cpp">
      <Filter>Components</Filter>
    </ClCompile>
  </ItemGroup>
  <ItemGroup>
    <ClInclude Include="Qbert.h">
      <Filter>Source Files</Filter>
    </ClInclude>
    <ClInclude Include="QbertScoreComponent.h">
      <Filter>Components</Filter>
    </ClInclude>
    <ClInclude Include="QbertHealthComponent.h">
      <Filter>Components</Filter>
    </ClInclude>
    <ClInclude Include="Level.h">
      <Filter>Level</Filter>
    </ClInclude>
    <ClInclude Include="TileTextureComponent.h">
      <Filter>Components</Filter>
    </ClInclude>
    <ClInclude Include="JumperComponent.h">
      <Filter>Components</Filter>
    </ClInclude>
    <ClInclude Include="JumpCommand.h">
      <Filter>Commands</Filter>
    </ClInclude>
    <ClInclude Include="SingleRowAnimationComponent.h">
      <Filter>Components</Filter>
    </ClInclude>
    <ClInclude Include="QbertMainMenuComponent.h">
      <Filter>Components</Filter>
    </ClInclude>
    <ClInclude Include="MenuUpCommand.h">
      <Filter>Commands</Filter>
    </ClInclude>
    <ClInclude Include="MenuDownCommand.h">
      <Filter>Commands</Filter>
    </ClInclude>
    <ClInclude Include="MenuButtonClickCommand.h">
      <Filter>Commands</Filter>
    </ClInclude>
    <ClInclude Include="TestCommand.h">
      <Filter>Commands</Filter>
    </ClInclude>
    <ClInclude Include="BaseJumperComponent.h">
      <Filter>Components</Filter>
    </ClInclude>
    <ClInclude Include="QbertJumperComponent.h">
      <Filter>Components</Filter>
    </ClInclude>
    <ClInclude Include="CoilyJumperComponent.h">
      <Filter>Components</Filter>
    </ClInclude>
    <ClInclude Include="SpawnerComponent.h">
      <Filter>Components</Filter>
    </ClInclude>
    <ClInclude Include="BallJumperComponent.h">
      <Filter>Components</Filter>
    </ClInclude>
    <ClInclude Include="SlickSamJumperComponent.h">
      <Filter>Components</Filter>
    </ClInclude>
    <ClInclude Include="UggWrongwayJumperComponent.h">
      <Filter>Components</Filter>
    </ClInclude>
    <ClInclude Include="BaseColliderComponent.h">
      <Filter>Components</Filter>
    </ClInclude>
  </ItemGroup>
</Project>